{
  "name": "package",
  "version": "1.0.0",
  "lockfileVersion": 1,
  "requires": true,
  "dependencies": {
    "@miniprogram-component-plus/sticky": {
      "version": "1.0.1",
      "resolved": "https://registry.npmjs.org/@miniprogram-component-plus/sticky/-/sticky-1.0.1.tgz",
      "integrity": "sha512-HYZ/PCm8KjUSQYwMLG61bhHBKU8s9aDx5Tl2BvruAku8bvEbyd8A3Povpb9V6lPPvsD/oXp2R7/GmgsCgDuI4g=="
    },
    "weui-miniprogram": {
      "version": "1.2.2",
      "resolved": "https://registry.npmjs.org/weui-miniprogram/-/weui-miniprogram-1.2.2.tgz",
      "integrity": "sha512-LjjhhnQJF9/snHWwpt/zn5XtJhMA1yWTcd2djLUxAu2pIjMitXKbHqR30w/AbV3om3IJX0DGSvCxYgMxRs4kyA=="
    }
  }
}
